
Microsoft Visual Studio Solution File, Format Version 12.00
# Visual Studio Version 17
VisualStudioVersion = 17.2.32519.379
MinimumVisualStudioVersion = 10.0.40219.1
Project("{9A19103F-16F7-4668-BE54-9A1E7A4F7556}") = "GeekDB.GUI", "GeekDB.GUI\GeekDB.GUI.csproj", "{E1584D35-8CCD-4D0B-9665-C2349C853E49}"
EndProject
Project("{9A19103F-16F7-4668-BE54-9A1E7A4F7556}") = "JsonTreeView", "JsonTreeView\JsonTreeView.csproj", "{077C42BD-86F6-4773-A8B9-D708FC9020F8}"
EndProject
Project("{9A19103F-16F7-4668-BE54-9A1E7A4F7556}") = "GeekDB.WebGUI", "GeekDB.WebGUI\GeekDB.WebGUI.csproj", "{4905574D-0D08-49D5-8BD9-6D16E2BA5471}"
EndProject
Project("{9A19103F-16F7-4668-BE54-9A1E7A4F7556}") = "GeekDB", "GeekDB\GeekDB.csproj", "{72B2D739-E591-4187-852E-A8406F82E244}"
EndProject
Project("{FAE04EC0-301F-11D3-BF4B-00C04F79EFBC}") = "Mongodb2RocksdbConsole", "Mongodb2RocksdbConsole\Mongodb2RocksdbConsole.csproj", "{82EF0BA6-0189-496C-9E83-F4FF2AEE5EA6}"
EndProject
Global
	GlobalSection(SolutionConfigurationPlatforms) = preSolution
		Debug|Any CPU = Debug|Any CPU
		Debug|x86 = Debug|x86
		Release|Any CPU = Release|Any CPU
		Release|x86 = Release|x86
	EndGlobalSection
	GlobalSection(ProjectConfigurationPlatforms) = postSolution
		{E1584D35-8CCD-4D0B-9665-C2349C853E49}.Debug|Any CPU.ActiveCfg = Debug|Any CPU
		{E1584D35-8CCD-4D0B-9665-C2349C853E49}.Debug|Any CPU.Build.0 = Debug|Any CPU
		{E1584D35-8CCD-4D0B-9665-C2349C853E49}.Debug|x86.ActiveCfg = Debug|Any CPU
		{E1584D35-8CCD-4D0B-9665-C2349C853E49}.Debug|x86.Build.0 = Debug|Any CPU
		{E1584D35-8CCD-4D0B-9665-C2349C853E49}.Release|Any CPU.ActiveCfg = Release|Any CPU
		{E1584D35-8CCD-4D0B-9665-C2349C853E49}.Release|Any CPU.Build.0 = Release|Any CPU
		{E1584D35-8CCD-4D0B-9665-C2349C853E49}.Release|x86.ActiveCfg = Release|Any CPU
		{E1584D35-8CCD-4D0B-9665-C2349C853E49}.Release|x86.Build.0 = Release|Any CPU
		{077C42BD-86F6-4773-A8B9-D708FC9020F8}.Debug|Any CPU.ActiveCfg = Debug|Any CPU
		{077C42BD-86F6-4773-A8B9-D708FC9020F8}.Debug|Any CPU.Build.0 = Debug|Any CPU
		{077C42BD-86F6-4773-A8B9-D708FC9020F8}.Debug|x86.ActiveCfg = Debug|x86
		{077C42BD-86F6-4773-A8B9-D708FC9020F8}.Debug|x86.Build.0 = Debug|x86
		{077C42BD-86F6-4773-A8B9-D708FC9020F8}.Release|Any CPU.ActiveCfg = Release|Any CPU
		{077C42BD-86F6-4773-A8B9-D708FC9020F8}.Release|Any CPU.Build.0 = Release|Any CPU
		{077C42BD-86F6-4773-A8B9-D708FC9020F8}.Release|x86.ActiveCfg = Release|x86
		{077C42BD-86F6-4773-A8B9-D708FC9020F8}.Release|x86.Build.0 = Release|x86
		{4905574D-0D08-49D5-8BD9-6D16E2BA5471}.Debug|Any CPU.ActiveCfg = Debug|Any CPU
		{4905574D-0D08-49D5-8BD9-6D16E2BA5471}.Debug|Any CPU.Build.0 = Debug|Any CPU
		{4905574D-0D08-49D5-8BD9-6D16E2BA5471}.Debug|x86.ActiveCfg = Debug|Any CPU
		{4905574D-0D08-49D5-8BD9-6D16E2BA5471}.Debug|x86.Build.0 = Debug|Any CPU
		{4905574D-0D08-49D5-8BD9-6D16E2BA5471}.Release|Any CPU.ActiveCfg = Release|Any CPU
		{4905574D-0D08-49D5-8BD9-6D16E2BA5471}.Release|Any CPU.Build.0 = Release|Any CPU
		{4905574D-0D08-49D5-8BD9-6D16E2BA5471}.Release|x86.ActiveCfg = Release|Any CPU
		{4905574D-0D08-49D5-8BD9-6D16E2BA5471}.Release|x86.Build.0 = Release|Any CPU
		{72B2D739-E591-4187-852E-A8406F82E244}.Debug|Any CPU.ActiveCfg = Debug|Any CPU
		{72B2D739-E591-4187-852E-A8406F82E244}.Debug|Any CPU.Build.0 = Debug|Any CPU
		{72B2D739-E591-4187-852E-A8406F82E244}.Debug|x86.ActiveCfg = Debug|Any CPU
		{72B2D739-E591-4187-852E-A8406F82E244}.Debug|x86.Build.0 = Debug|Any CPU
		{72B2D739-E591-4187-852E-A8406F82E244}.Release|Any CPU.ActiveCfg = Release|Any CPU
		{72B2D739-E591-4187-852E-A8406F82E244}.Release|Any CPU.Build.0 = Release|Any CPU
		{72B2D739-E591-4187-852E-A8406F82E244}.Release|x86.ActiveCfg = Release|Any CPU
		{72B2D739-E591-4187-852E-A8406F82E244}.Release|x86.Build.0 = Release|Any CPU
		{82EF0BA6-0189-496C-9E83-F4FF2AEE5EA6}.Debug|Any CPU.ActiveCfg = Debug|Any CPU
		{82EF0BA6-0189-496C-9E83-F4FF2AEE5EA6}.Debug|Any CPU.Build.0 = Debug|Any CPU
		{82EF0BA6-0189-496C-9E83-F4FF2AEE5EA6}.Debug|x86.ActiveCfg = Debug|Any CPU
		{82EF0BA6-0189-496C-9E83-F4FF2AEE5EA6}.Debug|x86.Build.0 = Debug|Any CPU
		{82EF0BA6-0189-496C-9E83-F4FF2AEE5EA6}.Release|Any CPU.ActiveCfg = Release|Any CPU
		{82EF0BA6-0189-496C-9E83-F4FF2AEE5EA6}.Release|Any CPU.Build.0 = Release|Any CPU
		{82EF0BA6-0189-496C-9E83-F4FF2AEE5EA6}.Release|x86.ActiveCfg = Release|Any CPU
		{82EF0BA6-0189-496C-9E83-F4FF2AEE5EA6}.Release|x86.Build.0 = Release|Any CPU
	EndGlobalSection
	GlobalSection(SolutionProperties) = preSolution
		HideSolutionNode = FALSE
	EndGlobalSection
	GlobalSection(ExtensibilityGlobals) = postSolution
		SolutionGuid = {ED463B21-1D91-40D0-A055-678FB3247045}
	EndGlobalSection
EndGlobal
