
Microsoft Visual Studio Solution File, Format Version 12.00
# Visual Studio Version 17
VisualStudioVersion = 17.2.32519.379
MinimumVisualStudioVersion = 10.0.40219.1
Project("{9A19103F-16F7-4668-BE54-9A1E7A4F7556}") = "Geek.DB", "Geek.DB\Geek.DB.csproj", "{C0E9CC93-C231-4F3E-809B-091356A4717D}"
EndProject
Project("{9A19103F-16F7-4668-BE54-9A1E7A4F7556}") = "GeekDB.GUI", "GeekDB.GUI\GeekDB.GUI.csproj", "{E1584D35-8CCD-4D0B-9665-C2349C853E49}"
EndProject
Global
	GlobalSection(SolutionConfigurationPlatforms) = preSolution
		Debug|Any CPU = Debug|Any CPU
		Release|Any CPU = Release|Any CPU
	EndGlobalSection
	GlobalSection(ProjectConfigurationPlatforms) = postSolution
		{C0E9CC93-C231-4F3E-809B-091356A4717D}.Debug|Any CPU.ActiveCfg = Debug|Any CPU
		{C0E9CC93-C231-4F3E-809B-091356A4717D}.Debug|Any CPU.Build.0 = Debug|Any CPU
		{C0E9CC93-C231-4F3E-809B-091356A4717D}.Release|Any CPU.ActiveCfg = Release|Any CPU
		{C0E9CC93-C231-4F3E-809B-091356A4717D}.Release|Any CPU.Build.0 = Release|Any CPU
		{E1584D35-8CCD-4D0B-9665-C2349C853E49}.Debug|Any CPU.ActiveCfg = Debug|Any CPU
		{E1584D35-8CCD-4D0B-9665-C2349C853E49}.Debug|Any CPU.Build.0 = Debug|Any CPU
		{E1584D35-8CCD-4D0B-9665-C2349C853E49}.Release|Any CPU.ActiveCfg = Release|Any CPU
		{E1584D35-8CCD-4D0B-9665-C2349C853E49}.Release|Any CPU.Build.0 = Release|Any CPU
	EndGlobalSection
	GlobalSection(SolutionProperties) = preSolution
		HideSolutionNode = FALSE
	EndGlobalSection
	GlobalSection(ExtensibilityGlobals) = postSolution
		SolutionGuid = {ED463B21-1D91-40D0-A055-678FB3247045}
	EndGlobalSection
EndGlobal
